
Microsoft Visual Studio Solution File, Format Version 12.00
# Visual Studio Version 17
VisualStudioVersion = 17.13.35825.156 d17.13
MinimumVisualStudioVersion = 10.0.40219.1
Project("{FAE04EC0-301F-11D3-BF4B-00C04F79EFBC}") = "ClassificacaoDeTriangulo", "ClassificacaoDeTriangulo\ClassificacaoDeTriangulo.csproj", "{48370F1D-B920-4F30-816E-AF74EAA8CBBF}"
EndProject
Global
	GlobalSection(SolutionConfigurationPlatforms) = preSolution
		Debug|Any CPU = Debug|Any CPU
		Release|Any CPU = Release|Any CPU
	EndGlobalSection
	GlobalSection(ProjectConfigurationPlatforms) = postSolution
		{48370F1D-B920-4F30-816E-AF74EAA8CBBF}.Debug|Any CPU.ActiveCfg = Debug|Any CPU
		{48370F1D-B920-4F30-816E-AF74EAA8CBBF}.Debug|Any CPU.Build.0 = Debug|Any CPU
		{48370F1D-B920-4F30-816E-AF74EAA8CBBF}.Release|Any CPU.ActiveCfg = Release|Any CPU
		{48370F1D-B920-4F30-816E-AF74EAA8CBBF}.Release|Any CPU.Build.0 = Release|Any CPU
	EndGlobalSection
	GlobalSection(SolutionProperties) = preSolution
		HideSolutionNode = FALSE
	EndGlobalSection
	GlobalSection(ExtensibilityGlobals) = postSolution
		SolutionGuid = {146FFF62-258F-4364-8377-26E2F2627CBA}
	EndGlobalSection
EndGlobal
